# This file was autogenerated by Stack.
# You should not edit this file by hand.
# For more information, please see the documentation at:
#   https://docs.haskellstack.org/en/stable/lock_files

packages:
- completed:
    hackage: permutation-0.5.0.5@sha256:4982a4c9e2f82ec7925a098abca629d0af80e7465e4527d5fe9f4fded4cb2a53,2717
    pantry-tree:
      size: 1607
      sha256: 5e92fa42f6ab70b30825f0834f0b45297356c47c0cf1c552b41c89d06ff139c7
  original:
    hackage: permutation-0.5.0.5
snapshots:
- completed:
    size: 532832
    url: https://raw.githubusercontent.com/commercialhaskell/stackage-snapshots/master/lts/16/23.yaml
    sha256: fbb2a0519008533924c7753bd7164ddd1009f09504eb06674acad6049b46db09
  original:
    url: https://raw.githubusercontent.com/commercialhaskell/stackage-snapshots/master/lts/16/23.yaml
